
Microsoft Visual Studio Solution File, Format Version 12.00
# Visual Studio 15
VisualStudioVersion = 15.0.28307.852
MinimumVisualStudioVersion = 10.0.40219.1
Project("{8BC9CEB8-8B4A-11D0-8D11-00A0C91BC942}") = "OpenCV_Template2", "OpenCV_Template2.vcxproj", "{8F1EB257-ED46-47C3-AB71-E4C770A48B21}"
EndProject
Global
	GlobalSection(SolutionConfigurationPlatforms) = preSolution
		Debug|x64 = Debug|x64
		Debug|x86 = Debug|x86
		Release|x64 = Release|x64
		Release|x86 = Release|x86
	EndGlobalSection
	GlobalSection(ProjectConfigurationPlatforms) = postSolution
		{8F1EB257-ED46-47C3-AB71-E4C770A48B21}.Debug|x64.ActiveCfg = Debug|x64
		{8F1EB257-ED46-47C3-AB71-E4C770A48B21}.Debug|x64.Build.0 = Debug|x64
		{8F1EB257-ED46-47C3-AB71-E4C770A48B21}.Debug|x86.ActiveCfg = Debug|Win32
		{8F1EB257-ED46-47C3-AB71-E4C770A48B21}.Debug|x86.Build.0 = Debug|Win32
		{8F1EB257-ED46-47C3-AB71-E4C770A48B21}.Release|x64.ActiveCfg = Release|x64
		{8F1EB257-ED46-47C3-AB71-E4C770A48B21}.Release|x64.Build.0 = Release|x64
		{8F1EB257-ED46-47C3-AB71-E4C770A48B21}.Release|x86.ActiveCfg = Release|Win32
		{8F1EB257-ED46-47C3-AB71-E4C770A48B21}.Release|x86.Build.0 = Release|Win32
	EndGlobalSection
	GlobalSection(SolutionProperties) = preSolution
		HideSolutionNode = FALSE
	EndGlobalSection
	GlobalSection(ExtensibilityGlobals) = postSolution
		SolutionGuid = {19DD853E-4F26-43EF-94B7-9EC5236312BF}
	EndGlobalSection
EndGlobal
